<?xml version="1.0" encoding="utf-8"?>
<Project ToolsVersion="4.0" xmlns="http://schemas.microsoft.com/developer/msbuild/2003">
  <ItemGroup>
    <Filter Include="Source Files">
      <UniqueIdentifier>{4FC737F1-C7A5-4376-A066-2A32D752A2FF}</UniqueIdentifier>
      <Extensions>cpp;c;cc;cxx;def;odl;idl;hpj;bat;asm;asmx</Extensions>
    </Filter>
    <Filter Include="Header Files">
      <UniqueIdentifier>{93995380-89BD-4b04-88EB-625FBE52EBFB}</UniqueIdentifier>
      <Extensions>h;hpp;hxx;hm;inl;inc;xsd</Extensions>
    </Filter>
    <Filter Include="Resource Files">
      <UniqueIdentifier>{67DA6AB6-F800-4c08-8B7A-83BB121AAD01}</UniqueIdentifier>
      <Extensions>rc;ico;cur;bmp;dlg;rc2;rct;bin;rgs;gif;jpg;jpeg;jpe;resx;tiff;tif;png;wav</Extensions>
    </Filter>
  </ItemGroup>
  <ItemGroup>
    <ClCompile Include="MainApplication.cpp">
      <Filter>Source Files</Filter>
    </ClCompile>
    <ClCompile Include="window\MainWindow.cpp">
      <Filter>Source Files</Filter>
    </ClCompile>
    <ClCompile Include="window\serializer\ServiceSerializer.cpp">
      <Filter>Source Files</Filter>
    </ClCompile>
    <ClCompile Include="window\service\BasicCommandInvoker.cpp">
      <Filter>Source Files</Filter>
    </ClCompile>
    <ClCompile Include="window\service\ChannelHolder.cpp">
      <Filter>Source Files</Filter>
    </ClCompile>
    <ClCompile Include="window\service\ChannelStatus.cpp">
      <Filter>Source Files</Filter>
    </ClCompile>
    <ClCompile Include="window\service\ChatServiceBase.cpp">
      <Filter>Source Files</Filter>
    </ClCompile>
    <ClCompile Include="window\service\ClientCommandInvoker.cpp">
      <Filter>Source Files</Filter>
    </ClCompile>
    <ClCompile Include="window\service\ConnectionStatusChecker.cpp">
      <Filter>Source Files</Filter>
    </ClCompile>
    <ClCompile Include="window\service\InputManager.cpp">
      <Filter>Source Files</Filter>
    </ClCompile>
    <ClCompile Include="window\service\MemberVec.cpp">
      <Filter>Source Files</Filter>
    </ClCompile>
    <ClCompile Include="window\service\NickTable.cpp">
      <Filter>Source Files</Filter>
    </ClCompile>
    <ClCompile Include="window\service\ServiceConfiguration.cpp">
      <Filter>Source Files</Filter>
    </ClCompile>
    <ClCompile Include="window\service\ServiceHolder.cpp">
      <Filter>Source Files</Filter>
    </ClCompile>
    <ClCompile Include="window\service\SocketClient.cpp">
      <Filter>Source Files</Filter>
    </ClCompile>
    <ClCompile Include="window\service\StringUtility.cpp">
      <Filter>Source Files</Filter>
    </ClCompile>
    <ClCompile Include="window\service\event\AuthEvent.cpp">
      <Filter>Source Files</Filter>
    </ClCompile>
    <ClCompile Include="window\service\event\ConnectionEventBase.cpp">
      <Filter>Source Files</Filter>
    </ClCompile>
    <ClCompile Include="window\service\event\DisconnectEvent.cpp">
      <Filter>Source Files</Filter>
    </ClCompile>
    <ClCompile Include="window\service\event\GetChannelEvent.cpp">
      <Filter>Source Files</Filter>
    </ClCompile>
    <ClCompile Include="window\service\event\GetMemberEvent.cpp">
      <Filter>Source Files</Filter>
    </ClCompile>
    <ClCompile Include="window\service\event\GetMemberInfoEvent.cpp">
      <Filter>Source Files</Filter>
    </ClCompile>
    <ClCompile Include="window\service\event\GetMessageEvent.cpp">
      <Filter>Source Files</Filter>
    </ClCompile>
    <ClCompile Include="window\service\event\JoinEvent.cpp">
      <Filter>Source Files</Filter>
    </ClCompile>
    <ClCompile Include="window\service\event\PartEvent.cpp">
      <Filter>Source Files</Filter>
    </ClCompile>
    <ClCompile Include="window\service\filter\AllFilter.cpp">
      <Filter>Source Files</Filter>
    </ClCompile>
    <ClCompile Include="window\service\filter\DateTimeFilter.cpp">
      <Filter>Source Files</Filter>
    </ClCompile>
    <ClCompile Include="window\service\filter\FilterBase.cpp">
      <Filter>Source Files</Filter>
    </ClCompile>
    <ClCompile Include="window\service\filter\MessageTypeFilter.cpp">
      <Filter>Source Files</Filter>
    </ClCompile>
    <ClCompile Include="window\service\filter\UserNameFilter.cpp">
      <Filter>Source Files</Filter>
    </ClCompile>
    <ClCompile Include="window\service\ircservice\IRCClient.cpp">
      <Filter>Source Files</Filter>
    </ClCompile>
    <ClCompile Include="window\service\ircservice\IRCCommand.cpp">
      <Filter>Source Files</Filter>
    </ClCompile>
    <ClCompile Include="window\service\ircservice\IRCCommandInvoker.cpp">
      <Filter>Source Files</Filter>
    </ClCompile>
    <ClCompile Include="window\service\ircservice\IRCConnection.cpp">
      <Filter>Source Files</Filter>
    </ClCompile>
    <ClCompile Include="window\service\ircservice\IRCEventFactory.cpp">
      <Filter>Source Files</Filter>
    </ClCompile>
    <ClCompile Include="window\service\ircservice\IRCParser.cpp">
      <Filter>Source Files</Filter>
    </ClCompile>
    <ClCompile Include="window\service\ircservice\IRCResponseData.cpp">
      <Filter>Source Files</Filter>
    </ClCompile>
    <ClCompile Include="window\service\ircservice\IRCService.cpp">
      <Filter>Source Files</Filter>
    </ClCompile>
    <ClCompile Include="window\service\ircservice\IRCUser.cpp">
      <Filter>Source Files</Filter>
    </ClCompile>
    <ClCompile Include="window\service\ircservice\task\IRCReceiveTask.cpp">
      <Filter>Source Files</Filter>
    </ClCompile>
    <ClCompile Include="window\service\ircservice\task\IRCSendTask.cpp">
      <Filter>Source Files</Filter>
    </ClCompile>
    <ClCompile Include="window\service\ircservice\task\IRCStartTask.cpp">
      <Filter>Source Files</Filter>
    </ClCompile>
    <ClCompile Include="window\service\ircservice\task\IRCTask.cpp">
      <Filter>Source Files</Filter>
    </ClCompile>
    <ClCompile Include="window\service\message\ChatMessage.cpp">
      <Filter>Source Files</Filter>
    </ClCompile>
    <ClCompile Include="window\service\message\InviteMessage.cpp">
      <Filter>Source Files</Filter>
    </ClCompile>
    <ClCompile Include="window\service\message\JoinMessage.cpp">
      <Filter>Source Files</Filter>
    </ClCompile>
    <ClCompile Include="window\service\message\KickMessage.cpp">
      <Filter>Source Files</Filter>
    </ClCompile>
    <ClCompile Include="window\service\message\MemberMessage.cpp">
      <Filter>Source Files</Filter>
    </ClCompile>
    <ClCompile Include="window\service\message\Message.cpp">
      <Filter>Source Files</Filter>
    </ClCompile>
    <ClCompile Include="window\service\message\MessageHolder.cpp">
      <Filter>Source Files</Filter>
    </ClCompile>
    <ClCompile Include="window\service\message\PartMessage.cpp">
      <Filter>Source Files</Filter>
    </ClCompile>
    <ClCompile Include="window\service\message\TopicMessage.cpp">
      <Filter>Source Files</Filter>
    </ClCompile>
    <ClCompile Include="window\service\scservice\HttpClient.cpp">
      <Filter>Source Files</Filter>
    </ClCompile>
    <ClCompile Include="window\service\scservice\SCClient.cpp">
      <Filter>Source Files</Filter>
    </ClCompile>
    <ClCompile Include="window\service\scservice\SCConnection.cpp">
      <Filter>Source Files</Filter>
    </ClCompile>
    <ClCompile Include="window\service\scservice\SCEventFactory.cpp">
      <Filter>Source Files</Filter>
    </ClCompile>
    <ClCompile Include="window\service\scservice\SCJsonParser.cpp">
      <Filter>Source Files</Filter>
    </ClCompile>
    <ClCompile Include="window\service\scservice\SCResponseData.cpp">
      <Filter>Source Files</Filter>
    </ClCompile>
    <ClCompile Include="window\service\scservice\SCService.cpp">
      <Filter>Source Files</Filter>
    </ClCompile>
    <ClCompile Include="window\service\scservice\SCUser.cpp">
      <Filter>Source Files</Filter>
    </ClCompile>
    <ClCompile Include="window\service\scservice\task\SCAuthTask.cpp">
      <Filter>Source Files</Filter>
    </ClCompile>
    <ClCompile Include="window\service\scservice\task\SCGetChannelTask.cpp">
      <Filter>Source Files</Filter>
    </ClCompile>
    <ClCompile Include="window\service\scservice\task\SCGetMemberInfoTask.cpp">
      <Filter>Source Files</Filter>
    </ClCompile>
    <ClCompile Include="window\service\scservice\task\SCGetMemberTask.cpp">
      <Filter>Source Files</Filter>
    </ClCompile>
    <ClCompile Include="window\service\scservice\task\SCGetMessageTask.cpp">
      <Filter>Source Files</Filter>
    </ClCompile>
    <ClCompile Include="window\service\scservice\task\SCGetStreamTask.cpp">
      <Filter>Source Files</Filter>
    </ClCompile>
    <ClCompile Include="window\service\scservice\task\SCJoinChannelTask.cpp">
      <Filter>Source Files</Filter>
    </ClCompile>
    <ClCompile Include="window\service\scservice\task\SCNickChangeTask.cpp">
      <Filter>Source Files</Filter>
    </ClCompile>
    <ClCompile Include="window\service\scservice\task\SCPartChannelTask.cpp">
      <Filter>Source Files</Filter>
    </ClCompile>
    <ClCompile Include="window\service\scservice\task\SCPostMessageTask.cpp">
      <Filter>Source Files</Filter>
    </ClCompile>
    <ClCompile Include="window\service\scservice\task\SCTask.cpp">
      <Filter>Source Files</Filter>
    </ClCompile>
    <ClCompile Include="window\service\scservice\task\SCTopicChangeTask.cpp">
      <Filter>Source Files</Filter>
    </ClCompile>
    <ClCompile Include="window\view\MainNotifier.cpp">
      <Filter>Source Files</Filter>
    </ClCompile>
    <ClCompile Include="window\view\MainView.cpp">
      <Filter>Source Files</Filter>
    </ClCompile>
    <ClCompile Include="window\view\dialog\AuthDialog.cpp">
      <Filter>Source Files</Filter>
    </ClCompile>
    <ClCompile Include="window\view\dialog\ChangeTopicDialog.cpp">
      <Filter>Source Files</Filter>
    </ClCompile>
    <ClCompile Include="window\view\dialog\ChannelDialog.cpp">
      <Filter>Source Files</Filter>
    </ClCompile>
    <ClCompile Include="window\view\dialog\FilterDialog.cpp">
      <Filter>Source Files</Filter>
    </ClCompile>
    <ClCompile Include="window\view\dialog\FindDialog.cpp">
      <Filter>Source Files</Filter>
    </ClCompile>
    <ClCompile Include="window\view\dialog\NickChangeDialog.cpp">
      <Filter>Source Files</Filter>
    </ClCompile>
    <ClCompile Include="window\view\dialog\SelectionDialog.cpp">
      <Filter>Source Files</Filter>
    </ClCompile>
    <ClCompile Include="window\view\menubar\MainMenuBar.cpp">
      <Filter>Source Files</Filter>
    </ClCompile>
    <ClCompile Include="window\view\menubar\MenuChannel.cpp">
      <Filter>Source Files</Filter>
    </ClCompile>
    <ClCompile Include="window\view\menubar\MenuEdit.cpp">
      <Filter>Source Files</Filter>
    </ClCompile>
    <ClCompile Include="window\view\menubar\MenuFile.cpp">
      <Filter>Source Files</Filter>
    </ClCompile>
    <ClCompile Include="window\view\menubar\MenuPart.cpp">
      <Filter>Source Files</Filter>
    </ClCompile>
    <ClCompile Include="window\view\menubar\MenuServer.cpp">
      <Filter>Source Files</Filter>
    </ClCompile>
    <ClCompile Include="window\view\menubar\MenuView.cpp">
      <Filter>Source Files</Filter>
    </ClCompile>
    <ClCompile Include="window\view\panel\MainPanel.cpp">
      <Filter>Source Files</Filter>
    </ClCompile>
    <ClCompile Include="window\view\panel\SplitPanel.cpp">
      <Filter>Source Files</Filter>
    </ClCompile>
    <ClCompile Include="window\view\panel\pane\ChannelSelectEvent.cpp">
      <Filter>Source Files</Filter>
    </ClCompile>
    <ClCompile Include="window\view\panel\pane\FocusTargetCtrl.cpp">
      <Filter>Source Files</Filter>
    </ClCompile>
    <ClCompile Include="window\view\panel\pane\LinkableRichTextCtrl.cpp">
      <Filter>Source Files</Filter>
    </ClCompile>
    <ClCompile Include="window\view\panel\pane\LogTextCtrl.cpp">
      <Filter>Source Files</Filter>
    </ClCompile>
    <ClCompile Include="window\view\panel\pane\MessageControlDoubleClickedEvent.cpp">
      <Filter>Source Files</Filter>
    </ClCompile>
    <ClCompile Include="window\view\panel\pane\PaneCn.cpp">
      <Filter>Source Files</Filter>
    </ClCompile>
    <ClCompile Include="window\view\panel\pane\PaneMember.cpp">
      <Filter>Source Files</Filter>
    </ClCompile>
    <ClCompile Include="window\view\panel\pane\PaneMessage.cpp">
      <Filter>Source Files</Filter>
    </ClCompile>
    <ClCompile Include="window\view\panel\pane\PaneMsg.cpp">
      <Filter>Source Files</Filter>
    </ClCompile>
    <ClCompile Include="window\view\panel\pane\PanePost.cpp">
      <Filter>Source Files</Filter>
    </ClCompile>
    <ClCompile Include="window\view\panel\pane\PaneRecord.cpp">
      <Filter>Source Files</Filter>
    </ClCompile>
    <ClCompile Include="window\view\panel\pane\TreeChannelItem.cpp">
      <Filter>Source Files</Filter>
    </ClCompile>
    <ClCompile Include="window\view\panel\pane\TreeServerItem.cpp">
      <Filter>Source Files</Filter>
    </ClCompile>
  </ItemGroup>
  <ItemGroup>
    <ClInclude Include="header.hpp">
      <Filter>Header Files</Filter>
    </ClInclude>
    <ClInclude Include="MainApplication.hpp">
      <Filter>Header Files</Filter>
    </ClInclude>
    <ClInclude Include="datastruct\ChannelData.hpp">
      <Filter>Header Files</Filter>
    </ClInclude>
    <ClInclude Include="datastruct\MemberData.hpp">
      <Filter>Header Files</Filter>
    </ClInclude>
    <ClInclude Include="datastruct\ResponseData.hpp">
      <Filter>Header Files</Filter>
    </ClInclude>
    <ClInclude Include="window\DefineEventTable.hpp">
      <Filter>Header Files</Filter>
    </ClInclude>
    <ClInclude Include="window\MainWindow.hpp">
      <Filter>Header Files</Filter>
    </ClInclude>
    <ClInclude Include="window\serializer\ServiceSerializer.hpp">
      <Filter>Header Files</Filter>
    </ClInclude>
    <ClInclude Include="window\service\ConnectionStatusChecker.h">
      <Filter>Header Files</Filter>
    </ClInclude>
    <ClInclude Include="window\service\BasicCommandInvoker.hpp">
      <Filter>Header Files</Filter>
    </ClInclude>
    <ClInclude Include="window\service\ChannelHolder.hpp">
      <Filter>Header Files</Filter>
    </ClInclude>
    <ClInclude Include="window\service\ChannelStatus.hpp">
      <Filter>Header Files</Filter>
    </ClInclude>
    <ClInclude Include="window\service\ChatServiceBase.hpp">
      <Filter>Header Files</Filter>
    </ClInclude>
    <ClInclude Include="window\service\ClientCommandInvoker.hpp">
      <Filter>Header Files</Filter>
    </ClInclude>
    <ClInclude Include="window\service\ICommandInvoker.hpp">
      <Filter>Header Files</Filter>
    </ClInclude>
    <ClInclude Include="window\service\IConnection.hpp">
      <Filter>Header Files</Filter>
    </ClInclude>
    <ClInclude Include="window\service\IMessageConnectionObserver.hpp">
      <Filter>Header Files</Filter>
    </ClInclude>
    <ClInclude Include="window\service\inputManager.hpp">
      <Filter>Header Files</Filter>
    </ClInclude>
    <ClInclude Include="window\service\IUser.hpp">
      <Filter>Header Files</Filter>
    </ClInclude>
    <ClInclude Include="window\service\MemberVec.hpp">
      <Filter>Header Files</Filter>
    </ClInclude>
    <ClInclude Include="window\service\NickTable.hpp">
      <Filter>Header Files</Filter>
    </ClInclude>
    <ClInclude Include="window\service\ServiceConfiguration.hpp">
      <Filter>Header Files</Filter>
    </ClInclude>
    <ClInclude Include="window\service\ServiceHolder.hpp">
      <Filter>Header Files</Filter>
    </ClInclude>
    <ClInclude Include="window\service\SocketClient.hpp">
      <Filter>Header Files</Filter>
    </ClInclude>
    <ClInclude Include="window\service\StringUtility.hpp">
      <Filter>Header Files</Filter>
    </ClInclude>
    <ClInclude Include="window\service\event\AuthEvent.hpp">
      <Filter>Header Files</Filter>
    </ClInclude>
    <ClInclude Include="window\service\event\ConnectionEventBase.hpp">
      <Filter>Header Files</Filter>
    </ClInclude>
    <ClInclude Include="window\service\event\DisconnectEvent.hpp">
      <Filter>Header Files</Filter>
    </ClInclude>
    <ClInclude Include="window\service\event\GetChannelEvent.hpp">
      <Filter>Header Files</Filter>
    </ClInclude>
    <ClInclude Include="window\service\event\GetMemberEvent.hpp">
      <Filter>Header Files</Filter>
    </ClInclude>
    <ClInclude Include="window\service\event\GetMemberInfoEvent.hpp">
      <Filter>Header Files</Filter>
    </ClInclude>
    <ClInclude Include="window\service\event\GetMessageEvent.hpp">
      <Filter>Header Files</Filter>
    </ClInclude>
    <ClInclude Include="window\service\event\JoinEvent.hpp">
      <Filter>Header Files</Filter>
    </ClInclude>
    <ClInclude Include="window\service\event\PartEvent.hpp">
      <Filter>Header Files</Filter>
    </ClInclude>
    <ClInclude Include="window\service\event\StreamEvent.hpp">
      <Filter>Header Files</Filter>
    </ClInclude>
    <ClInclude Include="window\service\filter\AllFilter.hpp">
      <Filter>Header Files</Filter>
    </ClInclude>
    <ClInclude Include="window\service\filter\DateTimeFilter.hpp">
      <Filter>Header Files</Filter>
    </ClInclude>
    <ClInclude Include="window\service\filter\FilterBase.hpp">
      <Filter>Header Files</Filter>
    </ClInclude>
    <ClInclude Include="window\service\filter\IFilter.hpp">
      <Filter>Header Files</Filter>
    </ClInclude>
    <ClInclude Include="window\service\filter\MessageTypeFilter.hpp">
      <Filter>Header Files</Filter>
    </ClInclude>
    <ClInclude Include="window\service\filter\UserNameFilter.hpp">
      <Filter>Header Files</Filter>
    </ClInclude>
    <ClInclude Include="window\service\ircservice\IRCClient.hpp">
      <Filter>Header Files</Filter>
    </ClInclude>
    <ClInclude Include="window\service\ircservice\IRCCommand.hpp">
      <Filter>Header Files</Filter>
    </ClInclude>
    <ClInclude Include="window\service\ircservice\IRCCommandInvoker.hpp">
      <Filter>Header Files</Filter>
    </ClInclude>
    <ClInclude Include="window\service\ircservice\IRCConnection.hpp">
      <Filter>Header Files</Filter>
    </ClInclude>
    <ClInclude Include="window\service\ircservice\IRCEventFactory.hpp">
      <Filter>Header Files</Filter>
    </ClInclude>
    <ClInclude Include="window\service\ircservice\IRCParser.hpp">
      <Filter>Header Files</Filter>
    </ClInclude>
    <ClInclude Include="window\service\ircservice\IRCResponseData.hpp">
      <Filter>Header Files</Filter>
    </ClInclude>
    <ClInclude Include="window\service\ircservice\IRCService.hpp">
      <Filter>Header Files</Filter>
    </ClInclude>
    <ClInclude Include="window\service\ircservice\IRCUser.hpp">
      <Filter>Header Files</Filter>
    </ClInclude>
    <ClInclude Include="window\service\ircservice\task\IRCReceiveTask.hpp">
      <Filter>Header Files</Filter>
    </ClInclude>
    <ClInclude Include="window\service\ircservice\task\IRCSendTask.hpp">
      <Filter>Header Files</Filter>
    </ClInclude>
    <ClInclude Include="window\service\ircservice\task\IRCStartTask.hpp">
      <Filter>Header Files</Filter>
    </ClInclude>
    <ClInclude Include="window\service\ircservice\task\IRCTask.hpp">
      <Filter>Header Files</Filter>
    </ClInclude>
    <ClInclude Include="window\service\message\ChatMessage.hpp">
      <Filter>Header Files</Filter>
    </ClInclude>
    <ClInclude Include="window\service\message\InviteMessage.hpp">
      <Filter>Header Files</Filter>
    </ClInclude>
    <ClInclude Include="window\service\message\JoinMessage.hpp">
      <Filter>Header Files</Filter>
    </ClInclude>
    <ClInclude Include="window\service\message\KickMessage.hpp">
      <Filter>Header Files</Filter>
    </ClInclude>
    <ClInclude Include="window\service\message\MemberMessage.hpp">
      <Filter>Header Files</Filter>
    </ClInclude>
    <ClInclude Include="window\service\message\Message.hpp">
      <Filter>Header Files</Filter>
    </ClInclude>
    <ClInclude Include="window\service\message\MessageHolder.hpp">
      <Filter>Header Files</Filter>
    </ClInclude>
    <ClInclude Include="window\service\message\PartMessage.hpp">
      <Filter>Header Files</Filter>
    </ClInclude>
    <ClInclude Include="window\service\message\TopicMessage.hpp">
      <Filter>Header Files</Filter>
    </ClInclude>
    <ClInclude Include="window\service\scservice\HttpClient.hpp">
      <Filter>Header Files</Filter>
    </ClInclude>
    <ClInclude Include="window\service\scservice\picojson.hpp">
      <Filter>Header Files</Filter>
    </ClInclude>
    <ClInclude Include="window\service\scservice\SCClient.hpp">
      <Filter>Header Files</Filter>
    </ClInclude>
    <ClInclude Include="window\service\scservice\SCConnection.hpp">
      <Filter>Header Files</Filter>
    </ClInclude>
    <ClInclude Include="window\service\scservice\SCEventFactory.hpp">
      <Filter>Header Files</Filter>
    </ClInclude>
    <ClInclude Include="window\service\scservice\SCJsonParser.hpp">
      <Filter>Header Files</Filter>
    </ClInclude>
    <ClInclude Include="window\service\scservice\SCResponseData.hpp">
      <Filter>Header Files</Filter>
    </ClInclude>
    <ClInclude Include="window\service\scservice\SCService.hpp">
      <Filter>Header Files</Filter>
    </ClInclude>
    <ClInclude Include="window\service\scservice\SCUser.hpp">
      <Filter>Header Files</Filter>
    </ClInclude>
    <ClInclude Include="window\service\scservice\task\SCAuthTask.hpp">
      <Filter>Header Files</Filter>
    </ClInclude>
    <ClInclude Include="window\service\scservice\task\SCGetChannelTask.hpp">
      <Filter>Header Files</Filter>
    </ClInclude>
    <ClInclude Include="window\service\scservice\task\SCGetMemberInfoTask.hpp">
      <Filter>Header Files</Filter>
    </ClInclude>
    <ClInclude Include="window\service\scservice\task\SCGetMemberTask.hpp">
      <Filter>Header Files</Filter>
    </ClInclude>
    <ClInclude Include="window\service\scservice\task\SCGetMessageTask.hpp">
      <Filter>Header Files</Filter>
    </ClInclude>
    <ClInclude Include="window\service\scservice\task\SCGetStreamTask.hpp">
      <Filter>Header Files</Filter>
    </ClInclude>
    <ClInclude Include="window\service\scservice\task\SCJoinChannelTask.hpp">
      <Filter>Header Files</Filter>
    </ClInclude>
    <ClInclude Include="window\service\scservice\task\SCNickChangeTask.hpp">
      <Filter>Header Files</Filter>
    </ClInclude>
    <ClInclude Include="window\service\scservice\task\SCPartChannelTask.hpp">
      <Filter>Header Files</Filter>
    </ClInclude>
    <ClInclude Include="window\service\scservice\task\SCPostMessageTask.hpp">
      <Filter>Header Files</Filter>
    </ClInclude>
    <ClInclude Include="window\service\scservice\task\SCTask.hpp">
      <Filter>Header Files</Filter>
    </ClInclude>
    <ClInclude Include="window\service\scservice\task\SCTopicChangeTask.hpp">
      <Filter>Header Files</Filter>
    </ClInclude>
    <ClInclude Include="window\view\MainNotifier.hpp">
      <Filter>Header Files</Filter>
    </ClInclude>
    <ClInclude Include="window\view\MainView.hpp">
      <Filter>Header Files</Filter>
    </ClInclude>
    <ClInclude Include="window\view\dialog\AuthDialog.hpp">
      <Filter>Header Files</Filter>
    </ClInclude>
    <ClInclude Include="window\view\dialog\ChangeTopicDialog.hpp">
      <Filter>Header Files</Filter>
    </ClInclude>
    <ClInclude Include="window\view\dialog\ChannelDialog.hpp">
      <Filter>Header Files</Filter>
    </ClInclude>
    <ClInclude Include="window\view\dialog\FilterDialog.hpp">
      <Filter>Header Files</Filter>
    </ClInclude>
    <ClInclude Include="window\view\dialog\FindDialog.hpp">
      <Filter>Header Files</Filter>
    </ClInclude>
    <ClInclude Include="window\view\dialog\NickChangeDialog.hpp">
      <Filter>Header Files</Filter>
    </ClInclude>
    <ClInclude Include="window\view\dialog\SelectionDialog.hpp">
      <Filter>Header Files</Filter>
    </ClInclude>
    <ClInclude Include="window\view\menubar\MainMenuBar.hpp">
      <Filter>Header Files</Filter>
    </ClInclude>
    <ClInclude Include="window\view\menubar\MenuChannel.hpp">
      <Filter>Header Files</Filter>
    </ClInclude>
    <ClInclude Include="window\view\menubar\MenuEdit.hpp">
      <Filter>Header Files</Filter>
    </ClInclude>
    <ClInclude Include="window\view\menubar\MenuFile.hpp">
      <Filter>Header Files</Filter>
    </ClInclude>
    <ClInclude Include="window\view\menubar\MenuPart.hpp">
      <Filter>Header Files</Filter>
    </ClInclude>
    <ClInclude Include="window\view\menubar\MenuServer.hpp">
      <Filter>Header Files</Filter>
    </ClInclude>
    <ClInclude Include="window\view\menubar\MenuView.hpp">
      <Filter>Header Files</Filter>
    </ClInclude>
    <ClInclude Include="window\view\panel\MainPanel.hpp">
      <Filter>Header Files</Filter>
    </ClInclude>
    <ClInclude Include="window\view\panel\SplitPanel.hpp">
      <Filter>Header Files</Filter>
    </ClInclude>
    <ClInclude Include="window\view\panel\pane\ChannelSelectEvent.hpp">
      <Filter>Header Files</Filter>
    </ClInclude>
    <ClInclude Include="window\view\panel\pane\FocusTargetCtrl.hpp">
      <Filter>Header Files</Filter>
    </ClInclude>
    <ClInclude Include="window\view\panel\pane\LinkableRichTextCtrl.hpp">
      <Filter>Header Files</Filter>
    </ClInclude>
    <ClInclude Include="window\view\panel\pane\LogTextCtrl.hpp">
      <Filter>Header Files</Filter>
    </ClInclude>
    <ClInclude Include="window\view\panel\pane\MessageControlDoubleClickedEvent.hpp">
      <Filter>Header Files</Filter>
    </ClInclude>
    <ClInclude Include="window\view\panel\pane\PaneCn.hpp">
      <Filter>Header Files</Filter>
    </ClInclude>
    <ClInclude Include="window\view\panel\pane\PaneMember.hpp">
      <Filter>Header Files</Filter>
    </ClInclude>
    <ClInclude Include="window\view\panel\pane\PaneMessage.hpp">
      <Filter>Header Files</Filter>
    </ClInclude>
    <ClInclude Include="window\view\panel\pane\PaneMsg.hpp">
      <Filter>Header Files</Filter>
    </ClInclude>
    <ClInclude Include="window\view\panel\pane\PanePost.hpp">
      <Filter>Header Files</Filter>
    </ClInclude>
    <ClInclude Include="window\view\panel\pane\PaneRecord.hpp">
      <Filter>Header Files</Filter>
    </ClInclude>
    <ClInclude Include="window\view\panel\pane\TreeChannelItem.hpp">
      <Filter>Header Files</Filter>
    </ClInclude>
    <ClInclude Include="window\view\panel\pane\TreeServerItem.hpp">
      <Filter>Header Files</Filter>
    </ClInclude>
  </ItemGroup>
  <ItemGroup>
    <Image Include="Window\Resource\icon.png">
      <Filter>Resource Files</Filter>
    </Image>
  </ItemGroup>
</Project>